
Microsoft Visual Studio Solution File, Format Version 12.00
# Visual Studio Version 17
VisualStudioVersion = 17.10.35027.167
MinimumVisualStudioVersion = 10.0.40219.1
Project("{FAE04EC0-301F-11D3-BF4B-00C04F79EFBC}") = "25", "25.csproj", "{468FC1B4-5FD2-4BF0-9792-743222FB267B}"
EndProject
Global
	GlobalSection(SolutionConfigurationPlatforms) = preSolution
		Debug|Any CPU = Debug|Any CPU
		Release|Any CPU = Release|Any CPU
	EndGlobalSection
	GlobalSection(ProjectConfigurationPlatforms) = postSolution
		{468FC1B4-5FD2-4BF0-9792-743222FB267B}.Debug|Any CPU.ActiveCfg = Debug|Any CPU
		{468FC1B4-5FD2-4BF0-9792-743222FB267B}.Debug|Any CPU.Build.0 = Debug|Any CPU
		{468FC1B4-5FD2-4BF0-9792-743222FB267B}.Release|Any CPU.ActiveCfg = Release|Any CPU
		{468FC1B4-5FD2-4BF0-9792-743222FB267B}.Release|Any CPU.Build.0 = Release|Any CPU
	EndGlobalSection
	GlobalSection(SolutionProperties) = preSolution
		HideSolutionNode = FALSE
	EndGlobalSection
	GlobalSection(ExtensibilityGlobals) = postSolution
		SolutionGuid = {33389C14-185C-4DC2-94B9-0032342ED416}
	EndGlobalSection
EndGlobal
